// !$*UTF8*$!
{
	archiveVersion = 1;
	classes = {
	};
	objectVersion = 56;
	objects = {

/* Begin PBXBuildFile section */
		F2F732272BA0B0CD0062011B /* TravelScheduleApp.swift in Sources */ = {isa = PBXBuildFile; fileRef = F2F732262BA0B0CD0062011B /* TravelScheduleApp.swift */; };
		F2F732292BA0B0CD0062011B /* ContentView.swift in Sources */ = {isa = PBXBuildFile; fileRef = F2F732282BA0B0CD0062011B /* ContentView.swift */; };
		F2F7322B2BA0B0CF0062011B /* Assets.xcassets in Resources */ = {isa = PBXBuildFile; fileRef = F2F7322A2BA0B0CF0062011B /* Assets.xcassets */; };
		F2F7322E2BA0B0CF0062011B /* Preview Assets.xcassets in Resources */ = {isa = PBXBuildFile; fileRef = F2F7322D2BA0B0CF0062011B /* Preview Assets.xcassets */; };
		F2F732362BA0B1CD0062011B /* OpenAPIURLSession in Frameworks */ = {isa = PBXBuildFile; productRef = F2F732352BA0B1CD0062011B /* OpenAPIURLSession */; };
		F2F732392BA0B1DB0062011B /* OpenAPIRuntime in Frameworks */ = {isa = PBXBuildFile; productRef = F2F732382BA0B1DB0062011B /* OpenAPIRuntime */; };
		F2F732402BA0B2EA0062011B /* openapi-generator-config.yaml in Resources */ = {isa = PBXBuildFile; fileRef = F2F7323F2BA0B2EA0062011B /* openapi-generator-config.yaml */; };
		F2F732422BA0B3540062011B /* openapi.yaml in Resources */ = {isa = PBXBuildFile; fileRef = F2F732412BA0B3540062011B /* openapi.yaml */; };
		F2F732452BA0BE300062011B /* APIkey.swift in Sources */ = {isa = PBXBuildFile; fileRef = F2F732442BA0BE300062011B /* APIkey.swift */; };
		F2F732472BA0BE520062011B /* StationsListService.swift in Sources */ = {isa = PBXBuildFile; fileRef = F2F732462BA0BE520062011B /* StationsListService.swift */; };
		F2F7324A2BA0BF5C0062011B /* CarrierService.swift in Sources */ = {isa = PBXBuildFile; fileRef = F2F732492BA0BF5C0062011B /* CarrierService.swift */; };
		F2F7324D2BA0BF6B0062011B /* CopyrightService.swift in Sources */ = {isa = PBXBuildFile; fileRef = F2F7324C2BA0BF6B0062011B /* CopyrightService.swift */; };
		F2F7324F2BA0BF790062011B /* NearestSettlementService.swift in Sources */ = {isa = PBXBuildFile; fileRef = F2F7324E2BA0BF790062011B /* NearestSettlementService.swift */; };
		F2F732512BA0BF890062011B /* NearestStationsService.swift in Sources */ = {isa = PBXBuildFile; fileRef = F2F732502BA0BF890062011B /* NearestStationsService.swift */; };
		F2F732532BA0BFA50062011B /* SearchService.swift in Sources */ = {isa = PBXBuildFile; fileRef = F2F732522BA0BFA50062011B /* SearchService.swift */; };
		F2F732552BA0BFBB0062011B /* ThreadService.swift in Sources */ = {isa = PBXBuildFile; fileRef = F2F732542BA0BFBB0062011B /* ThreadService.swift */; };
		F2F732572BA0BFCA0062011B /* ScheduleService.swift in Sources */ = {isa = PBXBuildFile; fileRef = F2F732562BA0BFCA0062011B /* ScheduleService.swift */; };
/* End PBXBuildFile section */

/* Begin PBXFileReference section */
		F2F732232BA0B0CD0062011B /* TravelSchedule.app */ = {isa = PBXFileReference; explicitFileType = wrapper.application; includeInIndex = 0; path = TravelSchedule.app; sourceTree = BUILT_PRODUCTS_DIR; };
		F2F732262BA0B0CD0062011B /* TravelScheduleApp.swift */ = {isa = PBXFileReference; lastKnownFileType = sourcecode.swift; path = TravelScheduleApp.swift; sourceTree = "<group>"; };
		F2F732282BA0B0CD0062011B /* ContentView.swift */ = {isa = PBXFileReference; lastKnownFileType = sourcecode.swift; path = ContentView.swift; sourceTree = "<group>"; };
		F2F7322A2BA0B0CF0062011B /* Assets.xcassets */ = {isa = PBXFileReference; lastKnownFileType = folder.assetcatalog; path = Assets.xcassets; sourceTree = "<group>"; };
		F2F7322D2BA0B0CF0062011B /* Preview Assets.xcassets */ = {isa = PBXFileReference; lastKnownFileType = folder.assetcatalog; path = "Preview Assets.xcassets"; sourceTree = "<group>"; };
		F2F7323F2BA0B2EA0062011B /* openapi-generator-config.yaml */ = {isa = PBXFileReference; lastKnownFileType = text.yaml; path = "openapi-generator-config.yaml"; sourceTree = "<group>"; };
		F2F732412BA0B3540062011B /* openapi.yaml */ = {isa = PBXFileReference; lastKnownFileType = text.yaml; path = openapi.yaml; sourceTree = "<group>"; };
		F2F732442BA0BE300062011B /* APIkey.swift */ = {isa = PBXFileReference; fileEncoding = 4; lastKnownFileType = sourcecode.swift; path = APIkey.swift; sourceTree = "<group>"; };
		F2F732462BA0BE520062011B /* StationsListService.swift */ = {isa = PBXFileReference; fileEncoding = 4; lastKnownFileType = sourcecode.swift; path = StationsListService.swift; sourceTree = "<group>"; };
		F2F732492BA0BF5C0062011B /* CarrierService.swift */ = {isa = PBXFileReference; fileEncoding = 4; lastKnownFileType = sourcecode.swift; path = CarrierService.swift; sourceTree = "<group>"; };
		F2F7324C2BA0BF6B0062011B /* CopyrightService.swift */ = {isa = PBXFileReference; fileEncoding = 4; lastKnownFileType = sourcecode.swift; path = CopyrightService.swift; sourceTree = "<group>"; };
		F2F7324E2BA0BF790062011B /* NearestSettlementService.swift */ = {isa = PBXFileReference; fileEncoding = 4; lastKnownFileType = sourcecode.swift; path = NearestSettlementService.swift; sourceTree = "<group>"; };
		F2F732502BA0BF890062011B /* NearestStationsService.swift */ = {isa = PBXFileReference; fileEncoding = 4; lastKnownFileType = sourcecode.swift; path = NearestStationsService.swift; sourceTree = "<group>"; };
		F2F732522BA0BFA50062011B /* SearchService.swift */ = {isa = PBXFileReference; fileEncoding = 4; lastKnownFileType = sourcecode.swift; path = SearchService.swift; sourceTree = "<group>"; };
		F2F732542BA0BFBB0062011B /* ThreadService.swift */ = {isa = PBXFileReference; fileEncoding = 4; lastKnownFileType = sourcecode.swift; path = ThreadService.swift; sourceTree = "<group>"; };
		F2F732562BA0BFCA0062011B /* ScheduleService.swift */ = {isa = PBXFileReference; fileEncoding = 4; lastKnownFileType = sourcecode.swift; path = ScheduleService.swift; sourceTree = "<group>"; };
/* End PBXFileReference section */

/* Begin PBXFrameworksBuildPhase section */
		F2F732202BA0B0CD0062011B /* Frameworks */ = {
			isa = PBXFrameworksBuildPhase;
			buildActionMask = 2147483647;
			files = (
				F2F732392BA0B1DB0062011B /* OpenAPIRuntime in Frameworks */,
				F2F732362BA0B1CD0062011B /* OpenAPIURLSession in Frameworks */,
			);
			runOnlyForDeploymentPostprocessing = 0;
		};
/* End PBXFrameworksBuildPhase section */

/* Begin PBXGroup section */
		F2F7321A2BA0B0CD0062011B = {
			isa = PBXGroup;
			children = (
				F2F732252BA0B0CD0062011B /* TravelSchedule */,
				F2F732242BA0B0CD0062011B /* Products */,
			);
			sourceTree = "<group>";
		};
		F2F732242BA0B0CD0062011B /* Products */ = {
			isa = PBXGroup;
			children = (
				F2F732232BA0B0CD0062011B /* TravelSchedule.app */,
			);
			name = Products;
			sourceTree = "<group>";
		};
		F2F732252BA0B0CD0062011B /* TravelSchedule */ = {
			isa = PBXGroup;
			children = (
				F2F732582BA0C0CC0062011B /* Services */,
				F2F732262BA0B0CD0062011B /* TravelScheduleApp.swift */,
				F2F732282BA0B0CD0062011B /* ContentView.swift */,
				F2F7322A2BA0B0CF0062011B /* Assets.xcassets */,
				F2F7322C2BA0B0CF0062011B /* Preview Content */,
			);
			path = TravelSchedule;
			sourceTree = "<group>";
		};
		F2F7322C2BA0B0CF0062011B /* Preview Content */ = {
			isa = PBXGroup;
			children = (
				F2F7322D2BA0B0CF0062011B /* Preview Assets.xcassets */,
			);
			path = "Preview Content";
			sourceTree = "<group>";
		};
		F2F732582BA0C0CC0062011B /* Services */ = {
			isa = PBXGroup;
			children = (
				F2F7323F2BA0B2EA0062011B /* openapi-generator-config.yaml */,
				F2F732412BA0B3540062011B /* openapi.yaml */,
				F2F732442BA0BE300062011B /* APIkey.swift */,
				F2F732502BA0BF890062011B /* NearestStationsService.swift */,
				F2F7324E2BA0BF790062011B /* NearestSettlementService.swift */,
				F2F732522BA0BFA50062011B /* SearchService.swift */,
				F2F732492BA0BF5C0062011B /* CarrierService.swift */,
				F2F732562BA0BFCA0062011B /* ScheduleService.swift */,
				F2F732542BA0BFBB0062011B /* ThreadService.swift */,
				F2F7324C2BA0BF6B0062011B /* CopyrightService.swift */,
				F2F732462BA0BE520062011B /* StationsListService.swift */,
			);
			path = Services;
			sourceTree = "<group>";
		};
/* End PBXGroup section */

/* Begin PBXNativeTarget section */
		F2F732222BA0B0CD0062011B /* TravelSchedule */ = {
			isa = PBXNativeTarget;
			buildConfigurationList = F2F732312BA0B0CF0062011B /* Build configuration list for PBXNativeTarget "TravelSchedule" */;
			buildPhases = (
				F2F7321F2BA0B0CD0062011B /* Sources */,
				F2F732202BA0B0CD0062011B /* Frameworks */,
				F2F732212BA0B0CD0062011B /* Resources */,
			);
			buildRules = (
			);
			dependencies = (
				F2F7323E2BA0B2C80062011B /* PBXTargetDependency */,
			);
			name = TravelSchedule;
			packageProductDependencies = (
				F2F732352BA0B1CD0062011B /* OpenAPIURLSession */,
				F2F732382BA0B1DB0062011B /* OpenAPIRuntime */,
			);
			productName = TravelSchedule;
			productReference = F2F732232BA0B0CD0062011B /* TravelSchedule.app */;
			productType = "com.apple.product-type.application";
		};
/* End PBXNativeTarget section */

/* Begin PBXProject section */
		F2F7321B2BA0B0CD0062011B /* Project object */ = {
			isa = PBXProject;
			attributes = {
				BuildIndependentTargetsInParallel = 1;
				LastSwiftUpdateCheck = 1530;
				LastUpgradeCheck = 1530;
				TargetAttributes = {
					F2F732222BA0B0CD0062011B = {
						CreatedOnToolsVersion = 15.3;
					};
				};
			};
			buildConfigurationList = F2F7321E2BA0B0CD0062011B /* Build configuration list for PBXProject "TravelSchedule" */;
			compatibilityVersion = "Xcode 14.0";
			developmentRegion = en;
			hasScannedForEncodings = 0;
			knownRegions = (
				en,
				Base,
			);
			mainGroup = F2F7321A2BA0B0CD0062011B;
			packageReferences = (
				F2F732342BA0B1CD0062011B /* XCRemoteSwiftPackageReference "swift-openapi-urlsession" */,
				F2F732372BA0B1DB0062011B /* XCRemoteSwiftPackageReference "swift-openapi-runtime" */,
				F2F7323A2BA0B1EB0062011B /* XCRemoteSwiftPackageReference "swift-openapi-generator" */,
			);
			productRefGroup = F2F732242BA0B0CD0062011B /* Products */;
			projectDirPath = "";
			projectRoot = "";
			targets = (
				F2F732222BA0B0CD0062011B /* TravelSchedule */,
			);
		};
/* End PBXProject section */

/* Begin PBXResourcesBuildPhase section */
		F2F732212BA0B0CD0062011B /* Resources */ = {
			isa = PBXResourcesBuildPhase;
			buildActionMask = 2147483647;
			files = (
				F2F7322E2BA0B0CF0062011B /* Preview Assets.xcassets in Resources */,
				F2F732422BA0B3540062011B /* openapi.yaml in Resources */,
				F2F7322B2BA0B0CF0062011B /* Assets.xcassets in Resources */,
				F2F732402BA0B2EA0062011B /* openapi-generator-config.yaml in Resources */,
			);
			runOnlyForDeploymentPostprocessing = 0;
		};
/* End PBXResourcesBuildPhase section */

/* Begin PBXSourcesBuildPhase section */
		F2F7321F2BA0B0CD0062011B /* Sources */ = {
			isa = PBXSourcesBuildPhase;
			buildActionMask = 2147483647;
			files = (
				F2F732532BA0BFA50062011B /* SearchService.swift in Sources */,
				F2F7324F2BA0BF790062011B /* NearestSettlementService.swift in Sources */,
				F2F7324A2BA0BF5C0062011B /* CarrierService.swift in Sources */,
				F2F732292BA0B0CD0062011B /* ContentView.swift in Sources */,
				F2F732452BA0BE300062011B /* APIkey.swift in Sources */,
				F2F732572BA0BFCA0062011B /* ScheduleService.swift in Sources */,
				F2F732472BA0BE520062011B /* StationsListService.swift in Sources */,
				F2F732272BA0B0CD0062011B /* TravelScheduleApp.swift in Sources */,
				F2F7324D2BA0BF6B0062011B /* CopyrightService.swift in Sources */,
				F2F732512BA0BF890062011B /* NearestStationsService.swift in Sources */,
				F2F732552BA0BFBB0062011B /* ThreadService.swift in Sources */,
			);
			runOnlyForDeploymentPostprocessing = 0;
		};
/* End PBXSourcesBuildPhase section */

/* Begin PBXTargetDependency section */
		F2F7323E2BA0B2C80062011B /* PBXTargetDependency */ = {
			isa = PBXTargetDependency;
			productRef = F2F7323D2BA0B2C80062011B /* OpenAPIGenerator */;
		};
/* End PBXTargetDependency section */

/* Begin XCBuildConfiguration section */
		F2F7322F2BA0B0CF0062011B /* Debug */ = {
			isa = XCBuildConfiguration;
			buildSettings = {
				ALWAYS_SEARCH_USER_PATHS = NO;
				ASSETCATALOG_COMPILER_GENERATE_SWIFT_ASSET_SYMBOL_EXTENSIONS = YES;
				CLANG_ANALYZER_NONNULL = YES;
				CLANG_ANALYZER_NUMBER_OBJECT_CONVERSION = YES_AGGRESSIVE;
				CLANG_CXX_LANGUAGE_STANDARD = "gnu++20";
				CLANG_ENABLE_MODULES = YES;
				CLANG_ENABLE_OBJC_ARC = YES;
				CLANG_ENABLE_OBJC_WEAK = YES;
				CLANG_WARN_BLOCK_CAPTURE_AUTORELEASING = YES;
				CLANG_WARN_BOOL_CONVERSION = YES;
				CLANG_WARN_COMMA = YES;
				CLANG_WARN_CONSTANT_CONVERSION = YES;
				CLANG_WARN_DEPRECATED_OBJC_IMPLEMENTATIONS = YES;
				CLANG_WARN_DIRECT_OBJC_ISA_USAGE = YES_ERROR;
				CLANG_WARN_DOCUMENTATION_COMMENTS = YES;
				CLANG_WARN_EMPTY_BODY = YES;
				CLANG_WARN_ENUM_CONVERSION = YES;
				CLANG_WARN_INFINITE_RECURSION = YES;
				CLANG_WARN_INT_CONVERSION = YES;
				CLANG_WARN_NON_LITERAL_NULL_CONVERSION = YES;
				CLANG_WARN_OBJC_IMPLICIT_RETAIN_SELF = YES;
				CLANG_WARN_OBJC_LITERAL_CONVERSION = YES;
				CLANG_WARN_OBJC_ROOT_CLASS = YES_ERROR;
				CLANG_WARN_QUOTED_INCLUDE_IN_FRAMEWORK_HEADER = YES;
				CLANG_WARN_RANGE_LOOP_ANALYSIS = YES;
				CLANG_WARN_STRICT_PROTOTYPES = YES;
				CLANG_WARN_SUSPICIOUS_MOVE = YES;
				CLANG_WARN_UNGUARDED_AVAILABILITY = YES_AGGRESSIVE;
				CLANG_WARN_UNREACHABLE_CODE = YES;
				CLANG_WARN__DUPLICATE_METHOD_MATCH = YES;
				COPY_PHASE_STRIP = NO;
				DEBUG_INFORMATION_FORMAT = dwarf;
				ENABLE_STRICT_OBJC_MSGSEND = YES;
				ENABLE_TESTABILITY = YES;
				ENABLE_USER_SCRIPT_SANDBOXING = YES;
				GCC_C_LANGUAGE_STANDARD = gnu17;
				GCC_DYNAMIC_NO_PIC = NO;
				GCC_NO_COMMON_BLOCKS = YES;
				GCC_OPTIMIZATION_LEVEL = 0;
				GCC_PREPROCESSOR_DEFINITIONS = (
					"DEBUG=1",
					"$(inherited)",
				);
				GCC_WARN_64_TO_32_BIT_CONVERSION = YES;
				GCC_WARN_ABOUT_RETURN_TYPE = YES_ERROR;
				GCC_WARN_UNDECLARED_SELECTOR = YES;
				GCC_WARN_UNINITIALIZED_AUTOS = YES_AGGRESSIVE;
				GCC_WARN_UNUSED_FUNCTION = YES;
				GCC_WARN_UNUSED_VARIABLE = YES;
				IPHONEOS_DEPLOYMENT_TARGET = 17.4;
				LOCALIZATION_PREFERS_STRING_CATALOGS = YES;
				MTL_ENABLE_DEBUG_INFO = INCLUDE_SOURCE;
				MTL_FAST_MATH = YES;
				ONLY_ACTIVE_ARCH = YES;
				SDKROOT = iphoneos;
				SWIFT_ACTIVE_COMPILATION_CONDITIONS = "DEBUG $(inherited)";
				SWIFT_OPTIMIZATION_LEVEL = "-Onone";
			};
			name = Debug;
		};
		F2F732302BA0B0CF0062011B /* Release */ = {
			isa = XCBuildConfiguration;
			buildSettings = {
				ALWAYS_SEARCH_USER_PATHS = NO;
				ASSETCATALOG_COMPILER_GENERATE_SWIFT_ASSET_SYMBOL_EXTENSIONS = YES;
				CLANG_ANALYZER_NONNULL = YES;
				CLANG_ANALYZER_NUMBER_OBJECT_CONVERSION = YES_AGGRESSIVE;
				CLANG_CXX_LANGUAGE_STANDARD = "gnu++20";
				CLANG_ENABLE_MODULES = YES;
				CLANG_ENABLE_OBJC_ARC = YES;
				CLANG_ENABLE_OBJC_WEAK = YES;
				CLANG_WARN_BLOCK_CAPTURE_AUTORELEASING = YES;
				CLANG_WARN_BOOL_CONVERSION = YES;
				CLANG_WARN_COMMA = YES;
				CLANG_WARN_CONSTANT_CONVERSION = YES;
				CLANG_WARN_DEPRECATED_OBJC_IMPLEMENTATIONS = YES;
				CLANG_WARN_DIRECT_OBJC_ISA_USAGE = YES_ERROR;
				CLANG_WARN_DOCUMENTATION_COMMENTS = YES;
				CLANG_WARN_EMPTY_BODY = YES;
				CLANG_WARN_ENUM_CONVERSION = YES;
				CLANG_WARN_INFINITE_RECURSION = YES;
				CLANG_WARN_INT_CONVERSION = YES;
				CLANG_WARN_NON_LITERAL_NULL_CONVERSION = YES;
				CLANG_WARN_OBJC_IMPLICIT_RETAIN_SELF = YES;
				CLANG_WARN_OBJC_LITERAL_CONVERSION = YES;
				CLANG_WARN_OBJC_ROOT_CLASS = YES_ERROR;
				CLANG_WARN_QUOTED_INCLUDE_IN_FRAMEWORK_HEADER = YES;
				CLANG_WARN_RANGE_LOOP_ANALYSIS = YES;
				CLANG_WARN_STRICT_PROTOTYPES = YES;
				CLANG_WARN_SUSPICIOUS_MOVE = YES;
				CLANG_WARN_UNGUARDED_AVAILABILITY = YES_AGGRESSIVE;
				CLANG_WARN_UNREACHABLE_CODE = YES;
				CLANG_WARN__DUPLICATE_METHOD_MATCH = YES;
				COPY_PHASE_STRIP = NO;
				DEBUG_INFORMATION_FORMAT = "dwarf-with-dsym";
				ENABLE_NS_ASSERTIONS = NO;
				ENABLE_STRICT_OBJC_MSGSEND = YES;
				ENABLE_USER_SCRIPT_SANDBOXING = YES;
				GCC_C_LANGUAGE_STANDARD = gnu17;
				GCC_NO_COMMON_BLOCKS = YES;
				GCC_WARN_64_TO_32_BIT_CONVERSION = YES;
				GCC_WARN_ABOUT_RETURN_TYPE = YES_ERROR;
				GCC_WARN_UNDECLARED_SELECTOR = YES;
				GCC_WARN_UNINITIALIZED_AUTOS = YES_AGGRESSIVE;
				GCC_WARN_UNUSED_FUNCTION = YES;
				GCC_WARN_UNUSED_VARIABLE = YES;
				IPHONEOS_DEPLOYMENT_TARGET = 17.4;
				LOCALIZATION_PREFERS_STRING_CATALOGS = YES;
				MTL_ENABLE_DEBUG_INFO = NO;
				MTL_FAST_MATH = YES;
				SDKROOT = iphoneos;
				SWIFT_COMPILATION_MODE = wholemodule;
				VALIDATE_PRODUCT = YES;
			};
			name = Release;
		};
		F2F732322BA0B0CF0062011B /* Debug */ = {
			isa = XCBuildConfiguration;
			buildSettings = {
				ASSETCATALOG_COMPILER_APPICON_NAME = AppIcon;
				ASSETCATALOG_COMPILER_GLOBAL_ACCENT_COLOR_NAME = AccentColor;
				CODE_SIGN_STYLE = Automatic;
				CURRENT_PROJECT_VERSION = 1;
				DEVELOPMENT_ASSET_PATHS = "\"TravelSchedule/Preview Content\"";
				DEVELOPMENT_TEAM = 3WUFQGL67T;
				ENABLE_PREVIEWS = YES;
				GENERATE_INFOPLIST_FILE = YES;
				INFOPLIST_KEY_UIApplicationSceneManifest_Generation = YES;
				INFOPLIST_KEY_UIApplicationSupportsIndirectInputEvents = YES;
				INFOPLIST_KEY_UILaunchScreen_Generation = YES;
				INFOPLIST_KEY_UISupportedInterfaceOrientations_iPad = "UIInterfaceOrientationPortrait UIInterfaceOrientationPortraitUpsideDown UIInterfaceOrientationLandscapeLeft UIInterfaceOrientationLandscapeRight";
				INFOPLIST_KEY_UISupportedInterfaceOrientations_iPhone = "UIInterfaceOrientationPortrait UIInterfaceOrientationLandscapeLeft UIInterfaceOrientationLandscapeRight";
				IPHONEOS_DEPLOYMENT_TARGET = 15.0;
				LD_RUNPATH_SEARCH_PATHS = (
					"$(inherited)",
					"@executable_path/Frameworks",
				);
				MARKETING_VERSION = 1.0;
				PRODUCT_BUNDLE_IDENTIFIER = ru.kosmonur.TravelSchedule;
				PRODUCT_NAME = "$(TARGET_NAME)";
				SUPPORTED_PLATFORMS = "iphoneos iphonesimulator";
				SUPPORTS_MACCATALYST = NO;
				SUPPORTS_MAC_DESIGNED_FOR_IPHONE_IPAD = NO;
				SUPPORTS_XR_DESIGNED_FOR_IPHONE_IPAD = NO;
				SWIFT_EMIT_LOC_STRINGS = YES;
				SWIFT_VERSION = 5.0;
				TARGETED_DEVICE_FAMILY = 1;
			};
			name = Debug;
		};
		F2F732332BA0B0CF0062011B /* Release */ = {
			isa = XCBuildConfiguration;
			buildSettings = {
				ASSETCATALOG_COMPILER_APPICON_NAME = AppIcon;
				ASSETCATALOG_COMPILER_GLOBAL_ACCENT_COLOR_NAME = AccentColor;
				CODE_SIGN_STYLE = Automatic;
				CURRENT_PROJECT_VERSION = 1;
				DEVELOPMENT_ASSET_PATHS = "\"TravelSchedule/Preview Content\"";
				DEVELOPMENT_TEAM = 3WUFQGL67T;
				ENABLE_PREVIEWS = YES;
				GENERATE_INFOPLIST_FILE = YES;
				INFOPLIST_KEY_UIApplicationSceneManifest_Generation = YES;
				INFOPLIST_KEY_UIApplicationSupportsIndirectInputEvents = YES;
				INFOPLIST_KEY_UILaunchScreen_Generation = YES;
				INFOPLIST_KEY_UISupportedInterfaceOrientations_iPad = "UIInterfaceOrientationPortrait UIInterfaceOrientationPortraitUpsideDown UIInterfaceOrientationLandscapeLeft UIInterfaceOrientationLandscapeRight";
				INFOPLIST_KEY_UISupportedInterfaceOrientations_iPhone = "UIInterfaceOrientationPortrait UIInterfaceOrientationLandscapeLeft UIInterfaceOrientationLandscapeRight";
				IPHONEOS_DEPLOYMENT_TARGET = 15.0;
				LD_RUNPATH_SEARCH_PATHS = (
					"$(inherited)",
					"@executable_path/Frameworks",
				);
				MARKETING_VERSION = 1.0;
				PRODUCT_BUNDLE_IDENTIFIER = ru.kosmonur.TravelSchedule;
				PRODUCT_NAME = "$(TARGET_NAME)";
				SUPPORTED_PLATFORMS = "iphoneos iphonesimulator";
				SUPPORTS_MACCATALYST = NO;
				SUPPORTS_MAC_DESIGNED_FOR_IPHONE_IPAD = NO;
				SUPPORTS_XR_DESIGNED_FOR_IPHONE_IPAD = NO;
				SWIFT_EMIT_LOC_STRINGS = YES;
				SWIFT_VERSION = 5.0;
				TARGETED_DEVICE_FAMILY = 1;
			};
			name = Release;
		};
/* End XCBuildConfiguration section */

/* Begin XCConfigurationList section */
		F2F7321E2BA0B0CD0062011B /* Build configuration list for PBXProject "TravelSchedule" */ = {
			isa = XCConfigurationList;
			buildConfigurations = (
				F2F7322F2BA0B0CF0062011B /* Debug */,
				F2F732302BA0B0CF0062011B /* Release */,
			);
			defaultConfigurationIsVisible = 0;
			defaultConfigurationName = Release;
		};
		F2F732312BA0B0CF0062011B /* Build configuration list for PBXNativeTarget "TravelSchedule" */ = {
			isa = XCConfigurationList;
			buildConfigurations = (
				F2F732322BA0B0CF0062011B /* Debug */,
				F2F732332BA0B0CF0062011B /* Release */,
			);
			defaultConfigurationIsVisible = 0;
			defaultConfigurationName = Release;
		};
/* End XCConfigurationList section */

/* Begin XCRemoteSwiftPackageReference section */
		F2F732342BA0B1CD0062011B /* XCRemoteSwiftPackageReference "swift-openapi-urlsession" */ = {
			isa = XCRemoteSwiftPackageReference;
			repositoryURL = "https://github.com/apple/swift-openapi-urlsession";
			requirement = {
				kind = upToNextMajorVersion;
				minimumVersion = 1.0.1;
			};
		};
		F2F732372BA0B1DB0062011B /* XCRemoteSwiftPackageReference "swift-openapi-runtime" */ = {
			isa = XCRemoteSwiftPackageReference;
			repositoryURL = "https://github.com/apple/swift-openapi-runtime";
			requirement = {
				kind = upToNextMajorVersion;
				minimumVersion = 1.3.2;
			};
		};
		F2F7323A2BA0B1EB0062011B /* XCRemoteSwiftPackageReference "swift-openapi-generator" */ = {
			isa = XCRemoteSwiftPackageReference;
			repositoryURL = "https://github.com/apple/swift-openapi-generator";
			requirement = {
				kind = upToNextMajorVersion;
				minimumVersion = 1.2.1;
			};
		};
/* End XCRemoteSwiftPackageReference section */

/* Begin XCSwiftPackageProductDependency section */
		F2F732352BA0B1CD0062011B /* OpenAPIURLSession */ = {
			isa = XCSwiftPackageProductDependency;
			package = F2F732342BA0B1CD0062011B /* XCRemoteSwiftPackageReference "swift-openapi-urlsession" */;
			productName = OpenAPIURLSession;
		};
		F2F732382BA0B1DB0062011B /* OpenAPIRuntime */ = {
			isa = XCSwiftPackageProductDependency;
			package = F2F732372BA0B1DB0062011B /* XCRemoteSwiftPackageReference "swift-openapi-runtime" */;
			productName = OpenAPIRuntime;
		};
		F2F7323D2BA0B2C80062011B /* OpenAPIGenerator */ = {
			isa = XCSwiftPackageProductDependency;
			package = F2F7323A2BA0B1EB0062011B /* XCRemoteSwiftPackageReference "swift-openapi-generator" */;
			productName = "plugin:OpenAPIGenerator";
		};
/* End XCSwiftPackageProductDependency section */
	};
	rootObject = F2F7321B2BA0B0CD0062011B /* Project object */;
}
