// !$*UTF8*$!
{
	archiveVersion = 1;
	classes = {
	};
	objectVersion = 56;
	objects = {

/* Begin PBXBuildFile section */
		F205F0EE2BCBEC280086B88E /* ScheduleView.swift in Sources */ = {isa = PBXBuildFile; fileRef = F205F0ED2BCBEC280086B88E /* ScheduleView.swift */; };
		F205F0F02BCBEC3D0086B88E /* SettingsView.swift in Sources */ = {isa = PBXBuildFile; fileRef = F205F0EF2BCBEC3D0086B88E /* SettingsView.swift */; };
		F205F0F32BCC04230086B88E /* Fonts.swift in Sources */ = {isa = PBXBuildFile; fileRef = F205F0F22BCC04230086B88E /* Fonts.swift */; };
		F205F0F52BCC10650086B88E /* Constant.swift in Sources */ = {isa = PBXBuildFile; fileRef = F205F0F42BCC10650086B88E /* Constant.swift */; };
		F205F0FA2BCC23190086B88E /* AgreementView.swift in Sources */ = {isa = PBXBuildFile; fileRef = F205F0F92BCC23190086B88E /* AgreementView.swift */; };
		F205F1042BCC291E0086B88E /* WebView.swift in Sources */ = {isa = PBXBuildFile; fileRef = F205F1032BCC291E0086B88E /* WebView.swift */; };
		F205F10E2BD2C0400086B88E /* ErrorView.swift in Sources */ = {isa = PBXBuildFile; fileRef = F205F10D2BD2C0400086B88E /* ErrorView.swift */; };
		F21C09172BD3B757006AAD9A /* CityModel.swift in Sources */ = {isa = PBXBuildFile; fileRef = F21C09162BD3B757006AAD9A /* CityModel.swift */; };
		F21C091B2BD3BCA4006AAD9A /* SearchCityView.swift in Sources */ = {isa = PBXBuildFile; fileRef = F21C091A2BD3BCA4006AAD9A /* SearchCityView.swift */; };
		F21C09222BD3BFC4006AAD9A /* SearchBarView.swift in Sources */ = {isa = PBXBuildFile; fileRef = F21C09212BD3BFC4006AAD9A /* SearchBarView.swift */; };
		F21C092D2BD42509006AAD9A /* ScheduleViewModel.swift in Sources */ = {isa = PBXBuildFile; fileRef = F21C092C2BD42509006AAD9A /* ScheduleViewModel.swift */; };
		F21C092F2BD42846006AAD9A /* SearchStationView.swift in Sources */ = {isa = PBXBuildFile; fileRef = F21C092E2BD42846006AAD9A /* SearchStationView.swift */; };
		F21C09512BD66878006AAD9A /* FromToTextView.swift in Sources */ = {isa = PBXBuildFile; fileRef = F21C09502BD66878006AAD9A /* FromToTextView.swift */; };
		F2F732272BA0B0CD0062011B /* TravelScheduleApp.swift in Sources */ = {isa = PBXBuildFile; fileRef = F2F732262BA0B0CD0062011B /* TravelScheduleApp.swift */; };
		F2F732292BA0B0CD0062011B /* ContentView.swift in Sources */ = {isa = PBXBuildFile; fileRef = F2F732282BA0B0CD0062011B /* ContentView.swift */; };
		F2F7322B2BA0B0CF0062011B /* Assets.xcassets in Resources */ = {isa = PBXBuildFile; fileRef = F2F7322A2BA0B0CF0062011B /* Assets.xcassets */; };
		F2F7322E2BA0B0CF0062011B /* Preview Assets.xcassets in Resources */ = {isa = PBXBuildFile; fileRef = F2F7322D2BA0B0CF0062011B /* Preview Assets.xcassets */; };
/* End PBXBuildFile section */

/* Begin PBXFileReference section */
		F201F1362BCBE13B00986982 /* Info.plist */ = {isa = PBXFileReference; lastKnownFileType = text.plist; path = Info.plist; sourceTree = "<group>"; };
		F205F0ED2BCBEC280086B88E /* ScheduleView.swift */ = {isa = PBXFileReference; lastKnownFileType = sourcecode.swift; path = ScheduleView.swift; sourceTree = "<group>"; };
		F205F0EF2BCBEC3D0086B88E /* SettingsView.swift */ = {isa = PBXFileReference; lastKnownFileType = sourcecode.swift; path = SettingsView.swift; sourceTree = "<group>"; };
		F205F0F22BCC04230086B88E /* Fonts.swift */ = {isa = PBXFileReference; lastKnownFileType = sourcecode.swift; path = Fonts.swift; sourceTree = "<group>"; };
		F205F0F42BCC10650086B88E /* Constant.swift */ = {isa = PBXFileReference; lastKnownFileType = sourcecode.swift; path = Constant.swift; sourceTree = "<group>"; };
		F205F0F92BCC23190086B88E /* AgreementView.swift */ = {isa = PBXFileReference; lastKnownFileType = sourcecode.swift; path = AgreementView.swift; sourceTree = "<group>"; };
		F205F1032BCC291E0086B88E /* WebView.swift */ = {isa = PBXFileReference; lastKnownFileType = sourcecode.swift; path = WebView.swift; sourceTree = "<group>"; };
		F205F10D2BD2C0400086B88E /* ErrorView.swift */ = {isa = PBXFileReference; lastKnownFileType = sourcecode.swift; path = ErrorView.swift; sourceTree = "<group>"; };
		F21C09162BD3B757006AAD9A /* CityModel.swift */ = {isa = PBXFileReference; lastKnownFileType = sourcecode.swift; path = CityModel.swift; sourceTree = "<group>"; };
		F21C091A2BD3BCA4006AAD9A /* SearchCityView.swift */ = {isa = PBXFileReference; lastKnownFileType = sourcecode.swift; path = SearchCityView.swift; sourceTree = "<group>"; };
		F21C09212BD3BFC4006AAD9A /* SearchBarView.swift */ = {isa = PBXFileReference; lastKnownFileType = sourcecode.swift; path = SearchBarView.swift; sourceTree = "<group>"; };
		F21C092C2BD42509006AAD9A /* ScheduleViewModel.swift */ = {isa = PBXFileReference; lastKnownFileType = sourcecode.swift; path = ScheduleViewModel.swift; sourceTree = "<group>"; };
		F21C092E2BD42846006AAD9A /* SearchStationView.swift */ = {isa = PBXFileReference; lastKnownFileType = sourcecode.swift; path = SearchStationView.swift; sourceTree = "<group>"; };
		F21C09502BD66878006AAD9A /* FromToTextView.swift */ = {isa = PBXFileReference; lastKnownFileType = sourcecode.swift; path = FromToTextView.swift; sourceTree = "<group>"; };
		F2F732232BA0B0CD0062011B /* TravelSchedule.app */ = {isa = PBXFileReference; explicitFileType = wrapper.application; includeInIndex = 0; path = TravelSchedule.app; sourceTree = BUILT_PRODUCTS_DIR; };
		F2F732262BA0B0CD0062011B /* TravelScheduleApp.swift */ = {isa = PBXFileReference; lastKnownFileType = sourcecode.swift; path = TravelScheduleApp.swift; sourceTree = "<group>"; };
		F2F732282BA0B0CD0062011B /* ContentView.swift */ = {isa = PBXFileReference; lastKnownFileType = sourcecode.swift; path = ContentView.swift; sourceTree = "<group>"; };
		F2F7322A2BA0B0CF0062011B /* Assets.xcassets */ = {isa = PBXFileReference; lastKnownFileType = folder.assetcatalog; path = Assets.xcassets; sourceTree = "<group>"; };
		F2F7322D2BA0B0CF0062011B /* Preview Assets.xcassets */ = {isa = PBXFileReference; lastKnownFileType = folder.assetcatalog; path = "Preview Assets.xcassets"; sourceTree = "<group>"; };
/* End PBXFileReference section */

/* Begin PBXFrameworksBuildPhase section */
		F2F732202BA0B0CD0062011B /* Frameworks */ = {
			isa = PBXFrameworksBuildPhase;
			buildActionMask = 2147483647;
			files = (
			);
			runOnlyForDeploymentPostprocessing = 0;
		};
/* End PBXFrameworksBuildPhase section */

/* Begin PBXGroup section */
		F201F12A2BC97FA700986982 /* View */ = {
			isa = PBXGroup;
			children = (
				F205F1052BCC2F030086B88E /* UserAgreement */,
				F205F0ED2BCBEC280086B88E /* ScheduleView.swift */,
				F21C09502BD66878006AAD9A /* FromToTextView.swift */,
				F205F0EF2BCBEC3D0086B88E /* SettingsView.swift */,
				F205F10D2BD2C0400086B88E /* ErrorView.swift */,
				F21C091A2BD3BCA4006AAD9A /* SearchCityView.swift */,
				F21C092E2BD42846006AAD9A /* SearchStationView.swift */,
				F21C09212BD3BFC4006AAD9A /* SearchBarView.swift */,
			);
			path = View;
			sourceTree = "<group>";
		};
		F205F1052BCC2F030086B88E /* UserAgreement */ = {
			isa = PBXGroup;
			children = (
				F205F0F92BCC23190086B88E /* AgreementView.swift */,
				F205F1032BCC291E0086B88E /* WebView.swift */,
			);
			path = UserAgreement;
			sourceTree = "<group>";
		};
		F21C09152BD3B726006AAD9A /* Models */ = {
			isa = PBXGroup;
			children = (
				F21C09162BD3B757006AAD9A /* CityModel.swift */,
			);
			path = Models;
			sourceTree = "<group>";
		};
		F21C091C2BD3BD16006AAD9A /* ViewModels */ = {
			isa = PBXGroup;
			children = (
				F21C092C2BD42509006AAD9A /* ScheduleViewModel.swift */,
			);
			path = ViewModels;
			sourceTree = "<group>";
		};
		F2F7321A2BA0B0CD0062011B = {
			isa = PBXGroup;
			children = (
				F2F732252BA0B0CD0062011B /* TravelSchedule */,
				F2F732242BA0B0CD0062011B /* Products */,
			);
			sourceTree = "<group>";
		};
		F2F732242BA0B0CD0062011B /* Products */ = {
			isa = PBXGroup;
			children = (
				F2F732232BA0B0CD0062011B /* TravelSchedule.app */,
			);
			name = Products;
			sourceTree = "<group>";
		};
		F2F732252BA0B0CD0062011B /* TravelSchedule */ = {
			isa = PBXGroup;
			children = (
				F205F0F42BCC10650086B88E /* Constant.swift */,
				F2F732262BA0B0CD0062011B /* TravelScheduleApp.swift */,
				F2F732282BA0B0CD0062011B /* ContentView.swift */,
				F21C091C2BD3BD16006AAD9A /* ViewModels */,
				F21C09152BD3B726006AAD9A /* Models */,
				F201F12A2BC97FA700986982 /* View */,
				F2F7322A2BA0B0CF0062011B /* Assets.xcassets */,
				F205F0F22BCC04230086B88E /* Fonts.swift */,
				F201F1362BCBE13B00986982 /* Info.plist */,
				F2F7322C2BA0B0CF0062011B /* Preview Content */,
			);
			path = TravelSchedule;
			sourceTree = "<group>";
		};
		F2F7322C2BA0B0CF0062011B /* Preview Content */ = {
			isa = PBXGroup;
			children = (
				F2F7322D2BA0B0CF0062011B /* Preview Assets.xcassets */,
			);
			path = "Preview Content";
			sourceTree = "<group>";
		};
/* End PBXGroup section */

/* Begin PBXNativeTarget section */
		F2F732222BA0B0CD0062011B /* TravelSchedule */ = {
			isa = PBXNativeTarget;
			buildConfigurationList = F2F732312BA0B0CF0062011B /* Build configuration list for PBXNativeTarget "TravelSchedule" */;
			buildPhases = (
				F2F7321F2BA0B0CD0062011B /* Sources */,
				F2F732202BA0B0CD0062011B /* Frameworks */,
				F2F732212BA0B0CD0062011B /* Resources */,
			);
			buildRules = (
			);
			dependencies = (
			);
			name = TravelSchedule;
			productName = TravelSchedule;
			productReference = F2F732232BA0B0CD0062011B /* TravelSchedule.app */;
			productType = "com.apple.product-type.application";
		};
/* End PBXNativeTarget section */

/* Begin PBXProject section */
		F2F7321B2BA0B0CD0062011B /* Project object */ = {
			isa = PBXProject;
			attributes = {
				BuildIndependentTargetsInParallel = 1;
				LastSwiftUpdateCheck = 1530;
				LastUpgradeCheck = 1530;
				TargetAttributes = {
					F2F732222BA0B0CD0062011B = {
						CreatedOnToolsVersion = 15.3;
					};
				};
			};
			buildConfigurationList = F2F7321E2BA0B0CD0062011B /* Build configuration list for PBXProject "TravelSchedule" */;
			compatibilityVersion = "Xcode 14.0";
			developmentRegion = en;
			hasScannedForEncodings = 0;
			knownRegions = (
				en,
				Base,
			);
			mainGroup = F2F7321A2BA0B0CD0062011B;
			productRefGroup = F2F732242BA0B0CD0062011B /* Products */;
			projectDirPath = "";
			projectRoot = "";
			targets = (
				F2F732222BA0B0CD0062011B /* TravelSchedule */,
			);
		};
/* End PBXProject section */

/* Begin PBXResourcesBuildPhase section */
		F2F732212BA0B0CD0062011B /* Resources */ = {
			isa = PBXResourcesBuildPhase;
			buildActionMask = 2147483647;
			files = (
				F2F7322E2BA0B0CF0062011B /* Preview Assets.xcassets in Resources */,
				F2F7322B2BA0B0CF0062011B /* Assets.xcassets in Resources */,
			);
			runOnlyForDeploymentPostprocessing = 0;
		};
/* End PBXResourcesBuildPhase section */

/* Begin PBXSourcesBuildPhase section */
		F2F7321F2BA0B0CD0062011B /* Sources */ = {
			isa = PBXSourcesBuildPhase;
			buildActionMask = 2147483647;
			files = (
				F21C09172BD3B757006AAD9A /* CityModel.swift in Sources */,
				F205F0FA2BCC23190086B88E /* AgreementView.swift in Sources */,
				F205F1042BCC291E0086B88E /* WebView.swift in Sources */,
				F21C092F2BD42846006AAD9A /* SearchStationView.swift in Sources */,
				F205F0F52BCC10650086B88E /* Constant.swift in Sources */,
				F205F0F02BCBEC3D0086B88E /* SettingsView.swift in Sources */,
				F21C09512BD66878006AAD9A /* FromToTextView.swift in Sources */,
				F2F732292BA0B0CD0062011B /* ContentView.swift in Sources */,
				F205F10E2BD2C0400086B88E /* ErrorView.swift in Sources */,
				F21C091B2BD3BCA4006AAD9A /* SearchCityView.swift in Sources */,
				F21C09222BD3BFC4006AAD9A /* SearchBarView.swift in Sources */,
				F205F0EE2BCBEC280086B88E /* ScheduleView.swift in Sources */,
				F205F0F32BCC04230086B88E /* Fonts.swift in Sources */,
				F21C092D2BD42509006AAD9A /* ScheduleViewModel.swift in Sources */,
				F2F732272BA0B0CD0062011B /* TravelScheduleApp.swift in Sources */,
			);
			runOnlyForDeploymentPostprocessing = 0;
		};
/* End PBXSourcesBuildPhase section */

/* Begin XCBuildConfiguration section */
		F2F7322F2BA0B0CF0062011B /* Debug */ = {
			isa = XCBuildConfiguration;
			buildSettings = {
				ALWAYS_SEARCH_USER_PATHS = NO;
				ASSETCATALOG_COMPILER_GENERATE_SWIFT_ASSET_SYMBOL_EXTENSIONS = YES;
				CLANG_ANALYZER_NONNULL = YES;
				CLANG_ANALYZER_NUMBER_OBJECT_CONVERSION = YES_AGGRESSIVE;
				CLANG_CXX_LANGUAGE_STANDARD = "gnu++20";
				CLANG_ENABLE_MODULES = YES;
				CLANG_ENABLE_OBJC_ARC = YES;
				CLANG_ENABLE_OBJC_WEAK = YES;
				CLANG_WARN_BLOCK_CAPTURE_AUTORELEASING = YES;
				CLANG_WARN_BOOL_CONVERSION = YES;
				CLANG_WARN_COMMA = YES;
				CLANG_WARN_CONSTANT_CONVERSION = YES;
				CLANG_WARN_DEPRECATED_OBJC_IMPLEMENTATIONS = YES;
				CLANG_WARN_DIRECT_OBJC_ISA_USAGE = YES_ERROR;
				CLANG_WARN_DOCUMENTATION_COMMENTS = YES;
				CLANG_WARN_EMPTY_BODY = YES;
				CLANG_WARN_ENUM_CONVERSION = YES;
				CLANG_WARN_INFINITE_RECURSION = YES;
				CLANG_WARN_INT_CONVERSION = YES;
				CLANG_WARN_NON_LITERAL_NULL_CONVERSION = YES;
				CLANG_WARN_OBJC_IMPLICIT_RETAIN_SELF = YES;
				CLANG_WARN_OBJC_LITERAL_CONVERSION = YES;
				CLANG_WARN_OBJC_ROOT_CLASS = YES_ERROR;
				CLANG_WARN_QUOTED_INCLUDE_IN_FRAMEWORK_HEADER = YES;
				CLANG_WARN_RANGE_LOOP_ANALYSIS = YES;
				CLANG_WARN_STRICT_PROTOTYPES = YES;
				CLANG_WARN_SUSPICIOUS_MOVE = YES;
				CLANG_WARN_UNGUARDED_AVAILABILITY = YES_AGGRESSIVE;
				CLANG_WARN_UNREACHABLE_CODE = YES;
				CLANG_WARN__DUPLICATE_METHOD_MATCH = YES;
				COPY_PHASE_STRIP = NO;
				DEBUG_INFORMATION_FORMAT = dwarf;
				ENABLE_STRICT_OBJC_MSGSEND = YES;
				ENABLE_TESTABILITY = YES;
				ENABLE_USER_SCRIPT_SANDBOXING = YES;
				GCC_C_LANGUAGE_STANDARD = gnu17;
				GCC_DYNAMIC_NO_PIC = NO;
				GCC_NO_COMMON_BLOCKS = YES;
				GCC_OPTIMIZATION_LEVEL = 0;
				GCC_PREPROCESSOR_DEFINITIONS = (
					"DEBUG=1",
					"$(inherited)",
				);
				GCC_WARN_64_TO_32_BIT_CONVERSION = YES;
				GCC_WARN_ABOUT_RETURN_TYPE = YES_ERROR;
				GCC_WARN_UNDECLARED_SELECTOR = YES;
				GCC_WARN_UNINITIALIZED_AUTOS = YES_AGGRESSIVE;
				GCC_WARN_UNUSED_FUNCTION = YES;
				GCC_WARN_UNUSED_VARIABLE = YES;
				IPHONEOS_DEPLOYMENT_TARGET = 17.4;
				LOCALIZATION_PREFERS_STRING_CATALOGS = YES;
				MTL_ENABLE_DEBUG_INFO = INCLUDE_SOURCE;
				MTL_FAST_MATH = YES;
				ONLY_ACTIVE_ARCH = YES;
				SDKROOT = iphoneos;
				SWIFT_ACTIVE_COMPILATION_CONDITIONS = "DEBUG $(inherited)";
				SWIFT_OPTIMIZATION_LEVEL = "-Onone";
			};
			name = Debug;
		};
		F2F732302BA0B0CF0062011B /* Release */ = {
			isa = XCBuildConfiguration;
			buildSettings = {
				ALWAYS_SEARCH_USER_PATHS = NO;
				ASSETCATALOG_COMPILER_GENERATE_SWIFT_ASSET_SYMBOL_EXTENSIONS = YES;
				CLANG_ANALYZER_NONNULL = YES;
				CLANG_ANALYZER_NUMBER_OBJECT_CONVERSION = YES_AGGRESSIVE;
				CLANG_CXX_LANGUAGE_STANDARD = "gnu++20";
				CLANG_ENABLE_MODULES = YES;
				CLANG_ENABLE_OBJC_ARC = YES;
				CLANG_ENABLE_OBJC_WEAK = YES;
				CLANG_WARN_BLOCK_CAPTURE_AUTORELEASING = YES;
				CLANG_WARN_BOOL_CONVERSION = YES;
				CLANG_WARN_COMMA = YES;
				CLANG_WARN_CONSTANT_CONVERSION = YES;
				CLANG_WARN_DEPRECATED_OBJC_IMPLEMENTATIONS = YES;
				CLANG_WARN_DIRECT_OBJC_ISA_USAGE = YES_ERROR;
				CLANG_WARN_DOCUMENTATION_COMMENTS = YES;
				CLANG_WARN_EMPTY_BODY = YES;
				CLANG_WARN_ENUM_CONVERSION = YES;
				CLANG_WARN_INFINITE_RECURSION = YES;
				CLANG_WARN_INT_CONVERSION = YES;
				CLANG_WARN_NON_LITERAL_NULL_CONVERSION = YES;
				CLANG_WARN_OBJC_IMPLICIT_RETAIN_SELF = YES;
				CLANG_WARN_OBJC_LITERAL_CONVERSION = YES;
				CLANG_WARN_OBJC_ROOT_CLASS = YES_ERROR;
				CLANG_WARN_QUOTED_INCLUDE_IN_FRAMEWORK_HEADER = YES;
				CLANG_WARN_RANGE_LOOP_ANALYSIS = YES;
				CLANG_WARN_STRICT_PROTOTYPES = YES;
				CLANG_WARN_SUSPICIOUS_MOVE = YES;
				CLANG_WARN_UNGUARDED_AVAILABILITY = YES_AGGRESSIVE;
				CLANG_WARN_UNREACHABLE_CODE = YES;
				CLANG_WARN__DUPLICATE_METHOD_MATCH = YES;
				COPY_PHASE_STRIP = NO;
				DEBUG_INFORMATION_FORMAT = "dwarf-with-dsym";
				ENABLE_NS_ASSERTIONS = NO;
				ENABLE_STRICT_OBJC_MSGSEND = YES;
				ENABLE_USER_SCRIPT_SANDBOXING = YES;
				GCC_C_LANGUAGE_STANDARD = gnu17;
				GCC_NO_COMMON_BLOCKS = YES;
				GCC_WARN_64_TO_32_BIT_CONVERSION = YES;
				GCC_WARN_ABOUT_RETURN_TYPE = YES_ERROR;
				GCC_WARN_UNDECLARED_SELECTOR = YES;
				GCC_WARN_UNINITIALIZED_AUTOS = YES_AGGRESSIVE;
				GCC_WARN_UNUSED_FUNCTION = YES;
				GCC_WARN_UNUSED_VARIABLE = YES;
				IPHONEOS_DEPLOYMENT_TARGET = 17.4;
				LOCALIZATION_PREFERS_STRING_CATALOGS = YES;
				MTL_ENABLE_DEBUG_INFO = NO;
				MTL_FAST_MATH = YES;
				SDKROOT = iphoneos;
				SWIFT_COMPILATION_MODE = wholemodule;
				VALIDATE_PRODUCT = YES;
			};
			name = Release;
		};
		F2F732322BA0B0CF0062011B /* Debug */ = {
			isa = XCBuildConfiguration;
			buildSettings = {
				ASSETCATALOG_COMPILER_APPICON_NAME = AppIcon;
				ASSETCATALOG_COMPILER_GLOBAL_ACCENT_COLOR_NAME = AccentColor;
				ASSETCATALOG_COMPILER_INCLUDE_ALL_APPICON_ASSETS = NO;
				CODE_SIGN_STYLE = Automatic;
				CURRENT_PROJECT_VERSION = 1;
				DEVELOPMENT_ASSET_PATHS = "\"TravelSchedule/Preview Content\"";
				DEVELOPMENT_TEAM = 3WUFQGL67T;
				ENABLE_PREVIEWS = YES;
				GENERATE_INFOPLIST_FILE = YES;
				INFOPLIST_FILE = TravelSchedule/Info.plist;
				INFOPLIST_KEY_UIApplicationSceneManifest_Generation = YES;
				INFOPLIST_KEY_UIApplicationSupportsIndirectInputEvents = YES;
				INFOPLIST_KEY_UILaunchScreen_Generation = YES;
				INFOPLIST_KEY_UISupportedInterfaceOrientations_iPad = "UIInterfaceOrientationPortrait UIInterfaceOrientationPortraitUpsideDown UIInterfaceOrientationLandscapeLeft UIInterfaceOrientationLandscapeRight";
				INFOPLIST_KEY_UISupportedInterfaceOrientations_iPhone = "UIInterfaceOrientationPortrait UIInterfaceOrientationLandscapeLeft UIInterfaceOrientationLandscapeRight";
				IPHONEOS_DEPLOYMENT_TARGET = 16.0;
				LD_RUNPATH_SEARCH_PATHS = (
					"$(inherited)",
					"@executable_path/Frameworks",
				);
				MARKETING_VERSION = 1.0;
				PRODUCT_BUNDLE_IDENTIFIER = ru.kosmonur.TravelSchedule;
				PRODUCT_NAME = "$(TARGET_NAME)";
				SWIFT_EMIT_LOC_STRINGS = YES;
				SWIFT_VERSION = 5.0;
				TARGETED_DEVICE_FAMILY = "1,2";
			};
			name = Debug;
		};
		F2F732332BA0B0CF0062011B /* Release */ = {
			isa = XCBuildConfiguration;
			buildSettings = {
				ASSETCATALOG_COMPILER_APPICON_NAME = AppIcon;
				ASSETCATALOG_COMPILER_GLOBAL_ACCENT_COLOR_NAME = AccentColor;
				ASSETCATALOG_COMPILER_INCLUDE_ALL_APPICON_ASSETS = NO;
				CODE_SIGN_STYLE = Automatic;
				CURRENT_PROJECT_VERSION = 1;
				DEVELOPMENT_ASSET_PATHS = "\"TravelSchedule/Preview Content\"";
				DEVELOPMENT_TEAM = 3WUFQGL67T;
				ENABLE_PREVIEWS = YES;
				GENERATE_INFOPLIST_FILE = YES;
				INFOPLIST_FILE = TravelSchedule/Info.plist;
				INFOPLIST_KEY_UIApplicationSceneManifest_Generation = YES;
				INFOPLIST_KEY_UIApplicationSupportsIndirectInputEvents = YES;
				INFOPLIST_KEY_UILaunchScreen_Generation = YES;
				INFOPLIST_KEY_UISupportedInterfaceOrientations_iPad = "UIInterfaceOrientationPortrait UIInterfaceOrientationPortraitUpsideDown UIInterfaceOrientationLandscapeLeft UIInterfaceOrientationLandscapeRight";
				INFOPLIST_KEY_UISupportedInterfaceOrientations_iPhone = "UIInterfaceOrientationPortrait UIInterfaceOrientationLandscapeLeft UIInterfaceOrientationLandscapeRight";
				IPHONEOS_DEPLOYMENT_TARGET = 16.0;
				LD_RUNPATH_SEARCH_PATHS = (
					"$(inherited)",
					"@executable_path/Frameworks",
				);
				MARKETING_VERSION = 1.0;
				PRODUCT_BUNDLE_IDENTIFIER = ru.kosmonur.TravelSchedule;
				PRODUCT_NAME = "$(TARGET_NAME)";
				SWIFT_EMIT_LOC_STRINGS = YES;
				SWIFT_VERSION = 5.0;
				TARGETED_DEVICE_FAMILY = "1,2";
			};
			name = Release;
		};
/* End XCBuildConfiguration section */

/* Begin XCConfigurationList section */
		F2F7321E2BA0B0CD0062011B /* Build configuration list for PBXProject "TravelSchedule" */ = {
			isa = XCConfigurationList;
			buildConfigurations = (
				F2F7322F2BA0B0CF0062011B /* Debug */,
				F2F732302BA0B0CF0062011B /* Release */,
			);
			defaultConfigurationIsVisible = 0;
			defaultConfigurationName = Release;
		};
		F2F732312BA0B0CF0062011B /* Build configuration list for PBXNativeTarget "TravelSchedule" */ = {
			isa = XCConfigurationList;
			buildConfigurations = (
				F2F732322BA0B0CF0062011B /* Debug */,
				F2F732332BA0B0CF0062011B /* Release */,
			);
			defaultConfigurationIsVisible = 0;
			defaultConfigurationName = Release;
		};
/* End XCConfigurationList section */
	};
	rootObject = F2F7321B2BA0B0CD0062011B /* Project object */;
}
